
Microsoft Visual Studio Solution File, Format Version 12.00
# Visual Studio 15
VisualStudioVersion = 15.0.27703.2018
MinimumVisualStudioVersion = 10.0.40219.1
Project("{FAE04EC0-301F-11D3-BF4B-00C04F79EFBC}") = "Inference", "Inference\Inference.csproj", "{A1C3E24B-8D86-423F-A4AE-0D7DBA2778F4}"
EndProject
Global
	GlobalSection(SolutionConfigurationPlatforms) = preSolution
		Debug|Any CPU = Debug|Any CPU
		Release|Any CPU = Release|Any CPU
	EndGlobalSection
	GlobalSection(ProjectConfigurationPlatforms) = postSolution
		{A1C3E24B-8D86-423F-A4AE-0D7DBA2778F4}.Debug|Any CPU.ActiveCfg = Debug|Any CPU
		{A1C3E24B-8D86-423F-A4AE-0D7DBA2778F4}.Debug|Any CPU.Build.0 = Debug|Any CPU
		{A1C3E24B-8D86-423F-A4AE-0D7DBA2778F4}.Release|Any CPU.ActiveCfg = Release|Any CPU
		{A1C3E24B-8D86-423F-A4AE-0D7DBA2778F4}.Release|Any CPU.Build.0 = Release|Any CPU
	EndGlobalSection
	GlobalSection(SolutionProperties) = preSolution
		HideSolutionNode = FALSE
	EndGlobalSection
	GlobalSection(ExtensibilityGlobals) = postSolution
		SolutionGuid = {1820962C-9334-4074-B1F8-CC9EDDF68A9D}
	EndGlobalSection
EndGlobal
